dependencies:
  esp_wireguard:
    component_hash: d6a3aefc76c1f5bd802ae2fdea07ce89206e0a14ae87b2ce289a3389ce99645a
    dependencies: []
    source:
      git: https://github.com/martin-ger/esp_wireguard_idf_5.5.x.git
      path: .
      type: git
    version: 02a24fad29365db09e0088df2f8c4414632fe35a
  espressif/led_strip:
    component_hash: 28621486f77229aaf81c71f5e15d6fbf36c2949cf11094e07090593e659e7639
    dependencies:
    - name: idf
      require: private
      version: '>=5.0'
    source:
      registry_url: https://components.espressif.com/
      type: service
    version: 3.0.3
  espressif/mdns:
    component_hash: 1ebe3bd675bb9d1c58f52bc0b609b32f74e572b01c328f9e61282040c775495c
    dependencies:
    - name: idf
      require: private
      version: '>=5.0'
    source:
      registry_url: https://components.espressif.com/
      type: service
    version: 1.11.0
  idf:
    source:
      type: idf
    version: 5.2.5
direct_dependencies:
- esp_wireguard
- espressif/led_strip
- espressif/mdns
manifest_hash: 4d68bffbe326be6584420234b37d7548ae2fef74a64f2c4042ec3f7e5baf5e0b
target: esp32s3
version: 2.0.0
